// !$*UTF8*$!
{
	archiveVersion = 1;
	classes = {
	};
	objectVersion = 46;
	objects = {

/* Begin PBXBuildFile section */
		7BB60BAE19768829002872F6 /* AppDelegate.swift in Sources */ = {isa = PBXBuildFile; fileRef = 7BB60BAD19768829002872F6 /* AppDelegate.swift */; };
		7BB60BB019768829002872F6 /* Images.xcassets in Resources */ = {isa = PBXBuildFile; fileRef = 7BB60BAF19768829002872F6 /* Images.xcassets */; };
		7BB60BBC1976882A002872F6 /* UIAlertViewController_iOS8Tests.swift in Sources */ = {isa = PBXBuildFile; fileRef = 7BB60BBB1976882A002872F6 /* UIAlertViewController_iOS8Tests.swift */; };
/* End PBXBuildFile section */

/* Begin PBXContainerItemProxy section */
		7BB60BB61976882A002872F6 /* PBXContainerItemProxy */ = {
			isa = PBXContainerItemProxy;
			containerPortal = 7BB60BA019768829002872F6 /* Project object */;
			proxyType = 1;
			remoteGlobalIDString = 7BB60BA719768829002872F6;
			remoteInfo = UIAlertViewController_iOS8;
		};
/* End PBXContainerItemProxy section */

/* Begin PBXFileReference section */
		7BB60BA819768829002872F6 /* UIAlertViewController_iOS8.app */ = {isa = PBXFileReference; explicitFileType = wrapper.application; includeInIndex = 0; path = UIAlertViewController_iOS8.app; sourceTree = BUILT_PRODUCTS_DIR; };
		7BB60BAC19768829002872F6 /* Info.plist */ = {isa = PBXFileReference; lastKnownFileType = text.plist.xml; path = Info.plist; sourceTree = "<group>"; };
		7BB60BAD19768829002872F6 /* AppDelegate.swift */ = {isa = PBXFileReference; lastKnownFileType = sourcecode.swift; path = AppDelegate.swift; sourceTree = "<group>"; };
		7BB60BAF19768829002872F6 /* Images.xcassets */ = {isa = PBXFileReference; lastKnownFileType = folder.assetcatalog; path = Images.xcassets; sourceTree = "<group>"; };
		7BB60BB51976882A002872F6 /* UIAlertViewController_iOS8Tests.xctest */ = {isa = PBXFileReference; explicitFileType = wrapper.cfbundle; includeInIndex = 0; path = UIAlertViewController_iOS8Tests.xctest; sourceTree = BUILT_PRODUCTS_DIR; };
		7BB60BBA1976882A002872F6 /* Info.plist */ = {isa = PBXFileReference; lastKnownFileType = text.plist.xml; path = Info.plist; sourceTree = "<group>"; };
		7BB60BBB1976882A002872F6 /* UIAlertViewController_iOS8Tests.swift */ = {isa = PBXFileReference; lastKnownFileType = sourcecode.swift; path = UIAlertViewController_iOS8Tests.swift; sourceTree = "<group>"; };
/* End PBXFileReference section */

/* Begin PBXFrameworksBuildPhase section */
		7BB60BA519768829002872F6 /* Frameworks */ = {
			isa = PBXFrameworksBuildPhase;
			buildActionMask = 2147483647;
			files = (
			);
			runOnlyForDeploymentPostprocessing = 0;
		};
		7BB60BB21976882A002872F6 /* Frameworks */ = {
			isa = PBXFrameworksBuildPhase;
			buildActionMask = 2147483647;
			files = (
			);
			runOnlyForDeploymentPostprocessing = 0;
		};
/* End PBXFrameworksBuildPhase section */

/* Begin PBXGroup section */
		7BB60B9F19768829002872F6 = {
			isa = PBXGroup;
			children = (
				7BB60BAA19768829002872F6 /* UIAlertViewController_iOS8 */,
				7BB60BB81976882A002872F6 /* UIAlertViewController_iOS8Tests */,
				7BB60BA919768829002872F6 /* Products */,
			);
			sourceTree = "<group>";
		};
		7BB60BA919768829002872F6 /* Products */ = {
			isa = PBXGroup;
			children = (
				7BB60BA819768829002872F6 /* UIAlertViewController_iOS8.app */,
				7BB60BB51976882A002872F6 /* UIAlertViewController_iOS8Tests.xctest */,
			);
			name = Products;
			sourceTree = "<group>";
		};
		7BB60BAA19768829002872F6 /* UIAlertViewController_iOS8 */ = {
			isa = PBXGroup;
			children = (
				7BB60BAD19768829002872F6 /* AppDelegate.swift */,
				7BB60BAF19768829002872F6 /* Images.xcassets */,
				7BB60BAB19768829002872F6 /* Supporting Files */,
			);
			path = UIAlertViewController_iOS8;
			sourceTree = "<group>";
		};
		7BB60BAB19768829002872F6 /* Supporting Files */ = {
			isa = PBXGroup;
			children = (
				7BB60BAC19768829002872F6 /* Info.plist */,
			);
			name = "Supporting Files";
			sourceTree = "<group>";
		};
		7BB60BB81976882A002872F6 /* UIAlertViewController_iOS8Tests */ = {
			isa = PBXGroup;
			children = (
				7BB60BBB1976882A002872F6 /* UIAlertViewController_iOS8Tests.swift */,
				7BB60BB91976882A002872F6 /* Supporting Files */,
			);
			path = UIAlertViewController_iOS8Tests;
			sourceTree = "<group>";
		};
		7BB60BB91976882A002872F6 /* Supporting Files */ = {
			isa = PBXGroup;
			children = (
				7BB60BBA1976882A002872F6 /* Info.plist */,
			);
			name = "Supporting Files";
			sourceTree = "<group>";
		};
/* End PBXGroup section */

/* Begin PBXNativeTarget section */
		7BB60BA719768829002872F6 /* UIAlertViewController_iOS8 */ = {
			isa = PBXNativeTarget;
			buildConfigurationList = 7BB60BBF1976882A002872F6 /* Build configuration list for PBXNativeTarget "UIAlertViewController_iOS8" */;
			buildPhases = (
				7BB60BA419768829002872F6 /* Sources */,
				7BB60BA519768829002872F6 /* Frameworks */,
				7BB60BA619768829002872F6 /* Resources */,
			);
			buildRules = (
			);
			dependencies = (
			);
			name = UIAlertViewController_iOS8;
			productName = UIAlertViewController_iOS8;
			productReference = 7BB60BA819768829002872F6 /* UIAlertViewController_iOS8.app */;
			productType = "com.apple.product-type.application";
		};
		7BB60BB41976882A002872F6 /* UIAlertViewController_iOS8Tests */ = {
			isa = PBXNativeTarget;
			buildConfigurationList = 7BB60BC21976882A002872F6 /* Build configuration list for PBXNativeTarget "UIAlertViewController_iOS8Tests" */;
			buildPhases = (
				7BB60BB11976882A002872F6 /* Sources */,
				7BB60BB21976882A002872F6 /* Frameworks */,
				7BB60BB31976882A002872F6 /* Resources */,
			);
			buildRules = (
			);
			dependencies = (
				7BB60BB71976882A002872F6 /* PBXTargetDependency */,
			);
			name = UIAlertViewController_iOS8Tests;
			productName = UIAlertViewController_iOS8Tests;
			productReference = 7BB60BB51976882A002872F6 /* UIAlertViewController_iOS8Tests.xctest */;
			productType = "com.apple.product-type.bundle.unit-test";
		};
/* End PBXNativeTarget section */

/* Begin PBXProject section */
		7BB60BA019768829002872F6 /* Project object */ = {
			isa = PBXProject;
			attributes = {
				LastUpgradeCheck = 0600;
				ORGANIZATIONNAME = solutionAnalysts;
				TargetAttributes = {
					7BB60BA719768829002872F6 = {
						CreatedOnToolsVersion = 6.0;
					};
					7BB60BB41976882A002872F6 = {
						CreatedOnToolsVersion = 6.0;
						TestTargetID = 7BB60BA719768829002872F6;
					};
				};
			};
			buildConfigurationList = 7BB60BA319768829002872F6 /* Build configuration list for PBXProject "UIAlertViewController_iOS8" */;
			compatibilityVersion = "Xcode 3.2";
			developmentRegion = English;
			hasScannedForEncodings = 0;
			knownRegions = (
				en,
			);
			mainGroup = 7BB60B9F19768829002872F6;
			productRefGroup = 7BB60BA919768829002872F6 /* Products */;
			projectDirPath = "";
			projectRoot = "";
			targets = (
				7BB60BA719768829002872F6 /* UIAlertViewController_iOS8 */,
				7BB60BB41976882A002872F6 /* UIAlertViewController_iOS8Tests */,
			);
		};
/* End PBXProject section */

/* Begin PBXResourcesBuildPhase section */
		7BB60BA619768829002872F6 /* Resources */ = {
			isa = PBXResourcesBuildPhase;
			buildActionMask = 2147483647;
			files = (
				7BB60BB019768829002872F6 /* Images.xcassets in Resources */,
			);
			runOnlyForDeploymentPostprocessing = 0;
		};
		7BB60BB31976882A002872F6 /* Resources */ = {
			isa = PBXResourcesBuildPhase;
			buildActionMask = 2147483647;
			files = (
			);
			runOnlyForDeploymentPostprocessing = 0;
		};
/* End PBXResourcesBuildPhase section */

/* Begin PBXSourcesBuildPhase section */
		7BB60BA419768829002872F6 /* Sources */ = {
			isa = PBXSourcesBuildPhase;
			buildActionMask = 2147483647;
			files = (
				7BB60BAE19768829002872F6 /* AppDelegate.swift in Sources */,
			);
			runOnlyForDeploymentPostprocessing = 0;
		};
		7BB60BB11976882A002872F6 /* Sources */ = {
			isa = PBXSourcesBuildPhase;
			buildActionMask = 2147483647;
			files = (
				7BB60BBC1976882A002872F6 /* UIAlertViewController_iOS8Tests.swift in Sources */,
			);
			runOnlyForDeploymentPostprocessing = 0;
		};
/* End PBXSourcesBuildPhase section */

/* Begin PBXTargetDependency section */
		7BB60BB71976882A002872F6 /* PBXTargetDependency */ = {
			isa = PBXTargetDependency;
			target = 7BB60BA719768829002872F6 /* UIAlertViewController_iOS8 */;
			targetProxy = 7BB60BB61976882A002872F6 /* PBXContainerItemProxy */;
		};
/* End PBXTargetDependency section */

/* Begin XCBuildConfiguration section */
		7BB60BBD1976882A002872F6 /* Debug */ = {
			isa = XCBuildConfiguration;
			buildSettings = {
				ALWAYS_SEARCH_USER_PATHS = NO;
				CLANG_CXX_LANGUAGE_STANDARD = "gnu++0x";
				CLANG_CXX_LIBRARY = "libc++";
				CLANG_ENABLE_MODULES = YES;
				CLANG_ENABLE_OBJC_ARC = YES;
				CLANG_WARN_BOOL_CONVERSION = YES;
				CLANG_WARN_CONSTANT_CONVERSION = YES;
				CLANG_WARN_DIRECT_OBJC_ISA_USAGE = YES_ERROR;
				CLANG_WARN_EMPTY_BODY = YES;
				CLANG_WARN_ENUM_CONVERSION = YES;
				CLANG_WARN_INT_CONVERSION = YES;
				CLANG_WARN_OBJC_ROOT_CLASS = YES_ERROR;
				CLANG_WARN_UNREACHABLE_CODE = YES;
				CLANG_WARN__DUPLICATE_METHOD_MATCH = YES;
				"CODE_SIGN_IDENTITY[sdk=iphoneos*]" = "iPhone Developer";
				COPY_PHASE_STRIP = NO;
				ENABLE_STRICT_OBJC_MSGSEND = YES;
				GCC_C_LANGUAGE_STANDARD = gnu99;
				GCC_DYNAMIC_NO_PIC = NO;
				GCC_OPTIMIZATION_LEVEL = 0;
				GCC_PREPROCESSOR_DEFINITIONS = (
					"DEBUG=1",
					"$(inherited)",
				);
				GCC_SYMBOLS_PRIVATE_EXTERN = NO;
				GCC_WARN_64_TO_32_BIT_CONVERSION = YES;
				GCC_WARN_ABOUT_RETURN_TYPE = YES_ERROR;
				GCC_WARN_UNDECLARED_SELECTOR = YES;
				GCC_WARN_UNINITIALIZED_AUTOS = YES_AGGRESSIVE;
				GCC_WARN_UNUSED_FUNCTION = YES;
				GCC_WARN_UNUSED_VARIABLE = YES;
				IPHONEOS_DEPLOYMENT_TARGET = 8.0;
				METAL_ENABLE_DEBUG_INFO = YES;
				ONLY_ACTIVE_ARCH = YES;
				SDKROOT = iphoneos;
				SWIFT_OPTIMIZATION_LEVEL = "-Onone";
				TARGETED_DEVICE_FAMILY = "1,2";
			};
			name = Debug;
		};
		7BB60BBE1976882A002872F6 /* Release */ = {
			isa = XCBuildConfiguration;
			buildSettings = {
				ALWAYS_SEARCH_USER_PATHS = NO;
				CLANG_CXX_LANGUAGE_STANDARD = "gnu++0x";
				CLANG_CXX_LIBRARY = "libc++";
				CLANG_ENABLE_MODULES = YES;
				CLANG_ENABLE_OBJC_ARC = YES;
				CLANG_WARN_BOOL_CONVERSION = YES;
				CLANG_WARN_CONSTANT_CONVERSION = YES;
				CLANG_WARN_DIRECT_OBJC_ISA_USAGE = YES_ERROR;
				CLANG_WARN_EMPTY_BODY = YES;
				CLANG_WARN_ENUM_CONVERSION = YES;
				CLANG_WARN_INT_CONVERSION = YES;
				CLANG_WARN_OBJC_ROOT_CLASS = YES_ERROR;
				CLANG_WARN_UNREACHABLE_CODE = YES;
				CLANG_WARN__DUPLICATE_METHOD_MATCH = YES;
				"CODE_SIGN_IDENTITY[sdk=iphoneos*]" = "iPhone Developer";
				COPY_PHASE_STRIP = YES;
				ENABLE_NS_ASSERTIONS = NO;
				ENABLE_STRICT_OBJC_MSGSEND = YES;
				GCC_C_LANGUAGE_STANDARD = gnu99;
				GCC_WARN_64_TO_32_BIT_CONVERSION = YES;
				GCC_WARN_ABOUT_RETURN_TYPE = YES_ERROR;
				GCC_WARN_UNDECLARED_SELECTOR = YES;
				GCC_WARN_UNINITIALIZED_AUTOS = YES_AGGRESSIVE;
				GCC_WARN_UNUSED_FUNCTION = YES;
				GCC_WARN_UNUSED_VARIABLE = YES;
				IPHONEOS_DEPLOYMENT_TARGET = 8.0;
				METAL_ENABLE_DEBUG_INFO = NO;
				SDKROOT = iphoneos;
				TARGETED_DEVICE_FAMILY = "1,2";
				VALIDATE_PRODUCT = YES;
			};
			name = Release;
		};
		7BB60BC01976882A002872F6 /* Debug */ = {
			isa = XCBuildConfiguration;
			buildSettings = {
				ASSETCATALOG_COMPILER_APPICON_NAME = AppIcon;
				ASSETCATALOG_COMPILER_LAUNCHIMAGE_NAME = LaunchImage;
				INFOPLIST_FILE = UIAlertViewController_iOS8/Info.plist;
				LD_RUNPATH_SEARCH_PATHS = "$(inherited) @executable_path/Frameworks";
				PRODUCT_NAME = "$(TARGET_NAME)";
			};
			name = Debug;
		};
		7BB60BC11976882A002872F6 /* Release */ = {
			isa = XCBuildConfiguration;
			buildSettings = {
				ASSETCATALOG_COMPILER_APPICON_NAME = AppIcon;
				ASSETCATALOG_COMPILER_LAUNCHIMAGE_NAME = LaunchImage;
				INFOPLIST_FILE = UIAlertViewController_iOS8/Info.plist;
				LD_RUNPATH_SEARCH_PATHS = "$(inherited) @executable_path/Frameworks";
				PRODUCT_NAME = "$(TARGET_NAME)";
			};
			name = Release;
		};
		7BB60BC31976882A002872F6 /* Debug */ = {
			isa = XCBuildConfiguration;
			buildSettings = {
				BUNDLE_LOADER = "$(BUILT_PRODUCTS_DIR)/UIAlertViewController_iOS8.app/UIAlertViewController_iOS8";
				FRAMEWORK_SEARCH_PATHS = (
					"$(SDKROOT)/Developer/Library/Frameworks",
					"$(inherited)",
				);
				GCC_PREPROCESSOR_DEFINITIONS = (
					"DEBUG=1",
					"$(inherited)",
				);
				INFOPLIST_FILE = UIAlertViewController_iOS8Tests/Info.plist;
				LD_RUNPATH_SEARCH_PATHS = "$(inherited) @executable_path/Frameworks @loader_path/Frameworks";
				METAL_ENABLE_DEBUG_INFO = YES;
				PRODUCT_NAME = "$(TARGET_NAME)";
				TEST_HOST = "$(BUNDLE_LOADER)";
			};
			name = Debug;
		};
		7BB60BC41976882A002872F6 /* Release */ = {
			isa = XCBuildConfiguration;
			buildSettings = {
				BUNDLE_LOADER = "$(BUILT_PRODUCTS_DIR)/UIAlertViewController_iOS8.app/UIAlertViewController_iOS8";
				FRAMEWORK_SEARCH_PATHS = (
					"$(SDKROOT)/Developer/Library/Frameworks",
					"$(inherited)",
				);
				INFOPLIST_FILE = UIAlertViewController_iOS8Tests/Info.plist;
				LD_RUNPATH_SEARCH_PATHS = "$(inherited) @executable_path/Frameworks @loader_path/Frameworks";
				METAL_ENABLE_DEBUG_INFO = NO;
				PRODUCT_NAME = "$(TARGET_NAME)";
				TEST_HOST = "$(BUNDLE_LOADER)";
			};
			name = Release;
		};
/* End XCBuildConfiguration section */

/* Begin XCConfigurationList section */
		7BB60BA319768829002872F6 /* Build configuration list for PBXProject "UIAlertViewController_iOS8" */ = {
			isa = XCConfigurationList;
			buildConfigurations = (
				7BB60BBD1976882A002872F6 /* Debug */,
				7BB60BBE1976882A002872F6 /* Release */,
			);
			defaultConfigurationIsVisible = 0;
			defaultConfigurationName = Release;
		};
		7BB60BBF1976882A002872F6 /* Build configuration list for PBXNativeTarget "UIAlertViewController_iOS8" */ = {
			isa = XCConfigurationList;
			buildConfigurations = (
				7BB60BC01976882A002872F6 /* Debug */,
				7BB60BC11976882A002872F6 /* Release */,
			);
			defaultConfigurationIsVisible = 0;
		};
		7BB60BC21976882A002872F6 /* Build configuration list for PBXNativeTarget "UIAlertViewController_iOS8Tests" */ = {
			isa = XCConfigurationList;
			buildConfigurations = (
				7BB60BC31976882A002872F6 /* Debug */,
				7BB60BC41976882A002872F6 /* Release */,
			);
			defaultConfigurationIsVisible = 0;
		};
/* End XCConfigurationList section */
	};
	rootObject = 7BB60BA019768829002872F6 /* Project object */;
}
